
Microsoft Visual Studio Solution File, Format Version 12.00
Project("{2150E333-8FDC-42A3-9474-1A3956D46DE8}") = "src", "src", "{67F78595-CCD7-4E25-B87F-75483E8D7EA1}"
EndProject
Project("{2150E333-8FDC-42A3-9474-1A3956D46DE8}") = "tests", "tests", "{F894E712-53F8-46EE-B6CE-E03D54F2F252}"
EndProject
Project("{FAE04EC0-301F-11D3-BF4B-00C04F79EFBC}") = "Application", "src\Application\Application.csproj", "{9ABAD253-8EB3-4722-A55D-A3B051076F42}"
EndProject
Project("{FAE04EC0-301F-11D3-BF4B-00C04F79EFBC}") = "Domain", "src\Domain\Domain.csproj", "{412E7AE3-575F-4BB8-BDBE-221613884130}"
EndProject
Project("{FAE04EC0-301F-11D3-BF4B-00C04F79EFBC}") = "Infrastructure", "src\Infrastructure\Infrastructure.csproj", "{004FE1D3-DEF7-4A7B-96E1-01B06B4215DC}"
EndProject
Project("{FAE04EC0-301F-11D3-BF4B-00C04F79EFBC}") = "WebAPI", "src\WebAPI\WebAPI.csproj", "{3CBB986B-E6C3-4E49-BC8B-22E56A758475}"
EndProject
Project("{2150E333-8FDC-42A3-9474-1A3956D46DE8}") = "Integrations", "Integrations", "{5E49C78D-C109-469F-AD7C-97E0281F561A}"
EndProject
Global
	GlobalSection(SolutionConfigurationPlatforms) = preSolution
		Debug|Any CPU = Debug|Any CPU
		Release|Any CPU = Release|Any CPU
	EndGlobalSection
	GlobalSection(ProjectConfigurationPlatforms) = postSolution
		{9ABAD253-8EB3-4722-A55D-A3B051076F42}.Debug|Any CPU.ActiveCfg = Debug|Any CPU
		{9ABAD253-8EB3-4722-A55D-A3B051076F42}.Debug|Any CPU.Build.0 = Debug|Any CPU
		{9ABAD253-8EB3-4722-A55D-A3B051076F42}.Release|Any CPU.ActiveCfg = Release|Any CPU
		{9ABAD253-8EB3-4722-A55D-A3B051076F42}.Release|Any CPU.Build.0 = Release|Any CPU
		{412E7AE3-575F-4BB8-BDBE-221613884130}.Debug|Any CPU.ActiveCfg = Debug|Any CPU
		{412E7AE3-575F-4BB8-BDBE-221613884130}.Debug|Any CPU.Build.0 = Debug|Any CPU
		{412E7AE3-575F-4BB8-BDBE-221613884130}.Release|Any CPU.ActiveCfg = Release|Any CPU
		{412E7AE3-575F-4BB8-BDBE-221613884130}.Release|Any CPU.Build.0 = Release|Any CPU
		{004FE1D3-DEF7-4A7B-96E1-01B06B4215DC}.Debug|Any CPU.ActiveCfg = Debug|Any CPU
		{004FE1D3-DEF7-4A7B-96E1-01B06B4215DC}.Debug|Any CPU.Build.0 = Debug|Any CPU
		{004FE1D3-DEF7-4A7B-96E1-01B06B4215DC}.Release|Any CPU.ActiveCfg = Release|Any CPU
		{004FE1D3-DEF7-4A7B-96E1-01B06B4215DC}.Release|Any CPU.Build.0 = Release|Any CPU
		{3CBB986B-E6C3-4E49-BC8B-22E56A758475}.Debug|Any CPU.ActiveCfg = Debug|Any CPU
		{3CBB986B-E6C3-4E49-BC8B-22E56A758475}.Debug|Any CPU.Build.0 = Debug|Any CPU
		{3CBB986B-E6C3-4E49-BC8B-22E56A758475}.Release|Any CPU.ActiveCfg = Release|Any CPU
		{3CBB986B-E6C3-4E49-BC8B-22E56A758475}.Release|Any CPU.Build.0 = Release|Any CPU
	EndGlobalSection
	GlobalSection(NestedProjects) = preSolution
		{9ABAD253-8EB3-4722-A55D-A3B051076F42} = {67F78595-CCD7-4E25-B87F-75483E8D7EA1}
		{412E7AE3-575F-4BB8-BDBE-221613884130} = {67F78595-CCD7-4E25-B87F-75483E8D7EA1}
		{004FE1D3-DEF7-4A7B-96E1-01B06B4215DC} = {67F78595-CCD7-4E25-B87F-75483E8D7EA1}
		{3CBB986B-E6C3-4E49-BC8B-22E56A758475} = {67F78595-CCD7-4E25-B87F-75483E8D7EA1}
		{5E49C78D-C109-469F-AD7C-97E0281F561A} = {67F78595-CCD7-4E25-B87F-75483E8D7EA1}
	EndGlobalSection
EndGlobal
